
Microsoft Visual Studio Solution File, Format Version 12.00
# Visual Studio Version 16
VisualStudioVersion = 16.0.32802.440
MinimumVisualStudioVersion = 10.0.40219.1
Project("{FAE04EC0-301F-11D3-BF4B-00C04F79EFBC}") = "DeviceLinkApp", "DeviceLinkApp\DeviceLinkApp.csproj", "{345C7E74-7FC9-4CE2-85B5-267A33047BA8}"
EndProject
Global
	GlobalSection(SolutionConfigurationPlatforms) = preSolution
		Debug|Any CPU = Debug|Any CPU
		Release|Any CPU = Release|Any CPU
	EndGlobalSection
	GlobalSection(ProjectConfigurationPlatforms) = postSolution
		{345C7E74-7FC9-4CE2-85B5-267A33047BA8}.Debug|Any CPU.ActiveCfg = Debug|Any CPU
		{345C7E74-7FC9-4CE2-85B5-267A33047BA8}.Debug|Any CPU.Build.0 = Debug|Any CPU
		{345C7E74-7FC9-4CE2-85B5-267A33047BA8}.Release|Any CPU.ActiveCfg = Release|Any CPU
		{345C7E74-7FC9-4CE2-85B5-267A33047BA8}.Release|Any CPU.Build.0 = Release|Any CPU
	EndGlobalSection
	GlobalSection(SolutionProperties) = preSolution
		HideSolutionNode = FALSE
	EndGlobalSection
	GlobalSection(ExtensibilityGlobals) = postSolution
		SolutionGuid = {232AC2E9-9F9B-48BE-9CA2-CCF6A41157D3}
	EndGlobalSection
EndGlobal
